
Microsoft Visual Studio Solution File, Format Version 12.00
# Visual Studio Version 17
VisualStudioVersion = 17.0.31903.59
MinimumVisualStudioVersion = 10.0.40219.1
Project("{2150E333-8FDC-42A3-9474-1A3956D46DE8}") = "Configs", "Configs", "{02EA681E-C7D8-13C7-8484-4AC65E1B71E8}"
	ProjectSection(SolutionItems) = preProject
		.editorconfig = .editorconfig
		.gitattributes = .gitattributes
		.gitignore = .gitignore
		readme.md = readme.md
	EndProjectSection
EndProject
Project("{2150E333-8FDC-42A3-9474-1A3956D46DE8}") = "User", "User", "{8D298B9C-A21A-46C3-A611-79137AC4A422}"
EndProject
Project("{FAE04EC0-301F-11D3-BF4B-00C04F79EFBC}") = "User.WebApp", "User\WebApp\User.WebApp.csproj", "{A4B80FEC-5825-89B6-2276-873776429D78}"
EndProject
Project("{2150E333-8FDC-42A3-9474-1A3956D46DE8}") = "Job", "Job", "{135C5119-4B2B-4B5D-9E1E-BD29A8224EEC}"
EndProject
Project("{FAE04EC0-301F-11D3-BF4B-00C04F79EFBC}") = "Job.WebApi", "Job\WebApi\Job.WebApi.csproj", "{B6A6B8B4-0262-DD4F-3C4E-DA5406B58C3F}"
EndProject
Project("{FAE04EC0-301F-11D3-BF4B-00C04F79EFBC}") = "Job.Worker", "Job\Worker\Job.Worker.csproj", "{B8A9C944-B874-C8E8-F399-930156429D52}"
EndProject
Global
	GlobalSection(SolutionConfigurationPlatforms) = preSolution
		Debug|Any CPU = Debug|Any CPU
		Release|Any CPU = Release|Any CPU
	EndGlobalSection
	GlobalSection(ProjectConfigurationPlatforms) = postSolution
		{A4B80FEC-5825-89B6-2276-873776429D78}.Debug|Any CPU.ActiveCfg = Debug|Any CPU
		{A4B80FEC-5825-89B6-2276-873776429D78}.Debug|Any CPU.Build.0 = Debug|Any CPU
		{A4B80FEC-5825-89B6-2276-873776429D78}.Release|Any CPU.ActiveCfg = Release|Any CPU
		{A4B80FEC-5825-89B6-2276-873776429D78}.Release|Any CPU.Build.0 = Release|Any CPU
		{B6A6B8B4-0262-DD4F-3C4E-DA5406B58C3F}.Debug|Any CPU.ActiveCfg = Debug|Any CPU
		{B6A6B8B4-0262-DD4F-3C4E-DA5406B58C3F}.Debug|Any CPU.Build.0 = Debug|Any CPU
		{B6A6B8B4-0262-DD4F-3C4E-DA5406B58C3F}.Release|Any CPU.ActiveCfg = Release|Any CPU
		{B6A6B8B4-0262-DD4F-3C4E-DA5406B58C3F}.Release|Any CPU.Build.0 = Release|Any CPU
		{B8A9C944-B874-C8E8-F399-930156429D52}.Debug|Any CPU.ActiveCfg = Debug|Any CPU
		{B8A9C944-B874-C8E8-F399-930156429D52}.Debug|Any CPU.Build.0 = Debug|Any CPU
		{B8A9C944-B874-C8E8-F399-930156429D52}.Release|Any CPU.ActiveCfg = Release|Any CPU
		{B8A9C944-B874-C8E8-F399-930156429D52}.Release|Any CPU.Build.0 = Release|Any CPU
	EndGlobalSection
	GlobalSection(SolutionProperties) = preSolution
		HideSolutionNode = FALSE
	EndGlobalSection
	GlobalSection(NestedProjects) = preSolution
		{A4B80FEC-5825-89B6-2276-873776429D78} = {8D298B9C-A21A-46C3-A611-79137AC4A422}
		{B6A6B8B4-0262-DD4F-3C4E-DA5406B58C3F} = {135C5119-4B2B-4B5D-9E1E-BD29A8224EEC}
		{B8A9C944-B874-C8E8-F399-930156429D52} = {135C5119-4B2B-4B5D-9E1E-BD29A8224EEC}
	EndGlobalSection
	GlobalSection(ExtensibilityGlobals) = postSolution
		SolutionGuid = {57A09298-C745-4041-A133-65E3AF4E8E3E}
	EndGlobalSection
EndGlobal
