
Microsoft Visual Studio Solution File, Format Version 12.00
# Visual Studio Version 17
VisualStudioVersion = 17.0.31903.59
MinimumVisualStudioVersion = 10.0.40219.1
Project("{2150E333-8FDC-42A3-9474-1A3956D46DE8}") = "Configs", "Configs", "{02EA681E-C7D8-13C7-8484-4AC65E1B71E8}"
	ProjectSection(SolutionItems) = preProject
		.editorconfig = .editorconfig
		.gitattributes = .gitattributes
		.gitignore = .gitignore
		readme.md = readme.md
	EndProjectSection
EndProject
Project("{2150E333-8FDC-42A3-9474-1A3956D46DE8}") = "User", "User", "{8D298B9C-A21A-46C3-A611-79137AC4A422}"
EndProject
Project("{FAE04EC0-301F-11D3-BF4B-00C04F79EFBC}") = "User.WebApp", "src\User\User.WebApp\User.WebApp.csproj", "{A4B80FEC-5825-89B6-2276-873776429D78}"
EndProject
Project("{2150E333-8FDC-42A3-9474-1A3956D46DE8}") = "Job", "Job", "{135C5119-4B2B-4B5D-9E1E-BD29A8224EEC}"
EndProject
Project("{FAE04EC0-301F-11D3-BF4B-00C04F79EFBC}") = "Job.WebApi", "src\Job\Job.WebApi\Job.WebApi.csproj", "{B6A6B8B4-0262-DD4F-3C4E-DA5406B58C3F}"
EndProject
Project("{FAE04EC0-301F-11D3-BF4B-00C04F79EFBC}") = "Job.Worker", "src\Job\Job.Worker\Job.Worker.csproj", "{B8A9C944-B874-C8E8-F399-930156429D52}"
EndProject
Project("{2150E333-8FDC-42A3-9474-1A3956D46DE8}") = "Certificates", "Certificates", "{B44AB3AB-CEFF-4EBB-B935-17E849E1085D}"
	ProjectSection(SolutionItems) = preProject
		infrastructure\Certificates\generate.sh = infrastructure\Certificates\generate.sh
		infrastructure\Certificates\root.cnf = infrastructure\Certificates\root.cnf
	EndProjectSection
EndProject
Project("{2150E333-8FDC-42A3-9474-1A3956D46DE8}") = "Tools", "Tools", "{76A4D5B4-E733-4543-83A5-5BCB40A5F628}"
EndProject
Project("{2150E333-8FDC-42A3-9474-1A3956D46DE8}") = "Database", "Database", "{DB249E03-3A9B-4878-811C-B7BD2E038418}"
	ProjectSection(SolutionItems) = preProject
		infrastructure\Tools\Database\docker-compose.github.yaml = infrastructure\Tools\Database\docker-compose.github.yaml
		infrastructure\Tools\Database\docker-compose.yaml = infrastructure\Tools\Database\docker-compose.yaml
		infrastructure\Tools\Database\init-jobs-db.pgsql = infrastructure\Tools\Database\init-jobs-db.pgsql
		infrastructure\Tools\Database\init-users-db.pgsql = infrastructure\Tools\Database\init-users-db.pgsql
		infrastructure\Tools\Database\init.sh = infrastructure\Tools\Database\init.sh
		infrastructure\Tools\Database\servers.json.template = infrastructure\Tools\Database\servers.json.template
	EndProjectSection
EndProject
Project("{2150E333-8FDC-42A3-9474-1A3956D46DE8}") = "Broker", "Broker", "{D24A1ED0-D0E1-4FF0-8760-48AF0FCDFC98}"
	ProjectSection(SolutionItems) = preProject
		infrastructure\Tools\Broker\config.yaml.template = infrastructure\Tools\Broker\config.yaml.template
		infrastructure\Tools\Broker\docker-compose.github.yaml = infrastructure\Tools\Broker\docker-compose.github.yaml
		infrastructure\Tools\Broker\docker-compose.yaml = infrastructure\Tools\Broker\docker-compose.yaml
		infrastructure\Tools\Broker\init.sh = infrastructure\Tools\Broker\init.sh
	EndProjectSection
EndProject
Project("{2150E333-8FDC-42A3-9474-1A3956D46DE8}") = "Shared", "Shared", "{5A2B5FFB-59AD-4516-AC34-5F8E686BC94C}"
EndProject
Project("{FAE04EC0-301F-11D3-BF4B-00C04F79EFBC}") = "Job.Database", "src\Job\Job.Database\Job.Database.csproj", "{C8C6FC91-2146-4A98-AB1A-7272BB7A600A}"
EndProject
Project("{FAE04EC0-301F-11D3-BF4B-00C04F79EFBC}") = "Job.Broker", "src\Job\Job.Broker\Job.Broker.csproj", "{88D1C89F-DB80-4E5D-95C3-7B514C230612}"
EndProject
Project("{FAE04EC0-301F-11D3-BF4B-00C04F79EFBC}") = "Shared.Contract", "src\Shared\Shared.Contract\Shared.Contract.csproj", "{ADB2CAA3-26C6-4D3A-AE5F-F4A192AB19B2}"
EndProject
Project("{FAE04EC0-301F-11D3-BF4B-00C04F79EFBC}") = "User.Database", "src\User\User.Database\User.Database.csproj", "{B0E0120C-C496-4CDC-A69C-21AA141B965C}"
EndProject
Project("{FAE04EC0-301F-11D3-BF4B-00C04F79EFBC}") = "Shared.Database", "src\Shared\Shared.Database\Shared.Database.csproj", "{03DC5887-8B96-4886-8B5C-EBDB77FB0321}"
EndProject
Project("{FAE04EC0-301F-11D3-BF4B-00C04F79EFBC}") = "Job.Contract", "src\Job\Job.Contract\Job.Contract.csproj", "{8B8C0895-FF47-403B-84EF-C6AEC5333D2B}"
EndProject
Project("{2150E333-8FDC-42A3-9474-1A3956D46DE8}") = "src", "src", "{8AE9A580-30AE-4E6F-A78A-A03E5E1B4655}"
EndProject
Project("{2150E333-8FDC-42A3-9474-1A3956D46DE8}") = "infrastructure", "infrastructure", "{00FFAE96-B083-453B-B595-CFAAEBA8D48D}"
EndProject
Project("{2150E333-8FDC-42A3-9474-1A3956D46DE8}") = "Tests", "Tests", "{97EB3EF4-B8D1-454F-AC08-B2F10D100113}"
EndProject
Project("{FAE04EC0-301F-11D3-BF4B-00C04F79EFBC}") = "Job.WebApi.UnitTests", "src\Tests\Unit\Job.WebApi.UnitTests\Job.WebApi.UnitTests.csproj", "{4780C173-AFE5-4B24-929D-85CAC04365B9}"
EndProject
Project("{FAE04EC0-301F-11D3-BF4B-00C04F79EFBC}") = "Job.Worker.UnitTests", "src\Tests\Unit\Job.Worker.UnitTests\Job.Worker.UnitTests.csproj", "{65FB62FE-713F-4D24-8B50-3AD6ED5CBA39}"
EndProject
Project("{FAE04EC0-301F-11D3-BF4B-00C04F79EFBC}") = "User.WebApp.UnitTests", "src\Tests\Unit\User.WebApp.UnitTests\User.WebApp.UnitTests.csproj", "{47ACAC93-73D7-46E2-A40F-1C0CF87B5117}"
EndProject
Project("{FAE04EC0-301F-11D3-BF4B-00C04F79EFBC}") = "Job.WebApi.Client", "src\Job\Job.WebApi.Client\Job.WebApi.Client.csproj", "{892070FC-D54A-4E12-82B0-21E161E0D148}"
EndProject
Project("{FAE04EC0-301F-11D3-BF4B-00C04F79EFBC}") = "Shared.WebApi", "src\Shared\Shared.WebApi\Shared.WebApi.csproj", "{89A4ADC4-1AB6-4037-9F27-B1BA3A8970D6}"
EndProject
Project("{FAE04EC0-301F-11D3-BF4B-00C04F79EFBC}") = "Shared.Broker", "src\Shared\Shared.Broker\Shared.Broker.csproj", "{DCEB699A-337C-4BD2-A80C-28F201816424}"
EndProject
Project("{2150E333-8FDC-42A3-9474-1A3956D46DE8}") = "Unit", "Unit", "{4C507206-A8BD-4B45-85D9-D894446A8106}"
EndProject
Project("{2150E333-8FDC-42A3-9474-1A3956D46DE8}") = "Integration", "Integration", "{14C3B83D-AB1B-44C5-9218-BCCF1F3854AA}"
EndProject
Project("{FAE04EC0-301F-11D3-BF4B-00C04F79EFBC}") = "Job.WebApi.IntegrationTests", "src\Tests\Integration\Job.WebApi.IntegrationTests\Job.WebApi.IntegrationTests.csproj", "{C4005740-0123-4EBE-81DA-C2D52CB5E0A9}"
EndProject
Project("{FAE04EC0-301F-11D3-BF4B-00C04F79EFBC}") = "Job.Worker.IntegrationTests", "src\Tests\Integration\Job.Worker.IntegrationTests\Job.Worker.IntegrationTests.csproj", "{5D73F468-4D92-49EE-9562-B01B93A49246}"
EndProject
Project("{FAE04EC0-301F-11D3-BF4B-00C04F79EFBC}") = "User.WebApp.IntegrationTests", "src\Tests\Integration\User.WebApp.IntegrationTests\User.WebApp.IntegrationTests.csproj", "{B9D8EFBD-2F39-4C3E-804E-850175FDFE9E}"
EndProject
Project("{FAE04EC0-301F-11D3-BF4B-00C04F79EFBC}") = "Tests.Common", "src\Tests\Tests.Common\Tests.Common.csproj", "{193C25B9-6431-6F2B-1BBA-9F9A1FF07980}"
EndProject
Project("{FAE04EC0-301F-11D3-BF4B-00C04F79EFBC}") = "Shared.Contract.UnitTests", "src\Tests\Unit\Shared.Contract.UnitTests\Shared.Contract.UnitTests.csproj", "{9F4E6901-BF21-417D-99DA-5716F6AFD056}"
EndProject
Project("{FAE04EC0-301F-11D3-BF4B-00C04F79EFBC}") = "Job.Database.IntegrationTests", "src\Tests\Integration\Job.Database.IntegrationTests\Job.Database.IntegrationTests.csproj", "{57068FEB-20D1-4828-A800-7F8120BE04C9}"
EndProject
Project("{FAE04EC0-301F-11D3-BF4B-00C04F79EFBC}") = "User.Database.IntegrationTests", "src\Tests\Integration\User.Database.IntegrationTests\User.Database.IntegrationTests.csproj", "{5CA3D55D-8B4E-44FB-9274-8C08727BC6D4}"
EndProject
Project("{FAE04EC0-301F-11D3-BF4B-00C04F79EFBC}") = "Job.Broker.Tests", "src\Tests\Integration\Job.Broker.Tests\Job.Broker.Tests.csproj", "{C2EDF0AA-DF78-4557-AD93-CCA24B87D945}"
EndProject
Project("{2150E333-8FDC-42A3-9474-1A3956D46DE8}") = "config", "config", "{DDE18D8A-5400-477A-9CC3-C69BDA40B6F4}"
	ProjectSection(SolutionItems) = preProject
		infrastructure\Tools\Database\config\crl.pem = infrastructure\Tools\Database\config\crl.pem
		infrastructure\Tools\Database\config\pass.txt = infrastructure\Tools\Database\config\pass.txt
		infrastructure\Tools\Database\config\pg_hba.conf = infrastructure\Tools\Database\config\pg_hba.conf
		infrastructure\Tools\Database\config\start-for-github.sh = infrastructure\Tools\Database\config\start-for-github.sh
		infrastructure\Tools\Database\config\svc_postgres.crt = infrastructure\Tools\Database\config\svc_postgres.crt
		infrastructure\Tools\Database\config\svc_postgres.key = infrastructure\Tools\Database\config\svc_postgres.key
		infrastructure\Tools\Database\config\svc_postgres.truststore.pem = infrastructure\Tools\Database\config\svc_postgres.truststore.pem
	EndProjectSection
EndProject
Project("{2150E333-8FDC-42A3-9474-1A3956D46DE8}") = "config", "config", "{EE413E12-3C44-4C4E-9AF5-3EB12B1E7897}"
	ProjectSection(SolutionItems) = preProject
		infrastructure\Tools\Broker\config\pass.txt = infrastructure\Tools\Broker\config\pass.txt
		infrastructure\Tools\Broker\config\start-for-github.sh = infrastructure\Tools\Broker\config\start-for-github.sh
		infrastructure\Tools\Broker\config\svc_kafka.keystore.p12 = infrastructure\Tools\Broker\config\svc_kafka.keystore.p12
		infrastructure\Tools\Broker\config\svc_kafka.truststore.p12 = infrastructure\Tools\Broker\config\svc_kafka.truststore.p12
	EndProjectSection
EndProject
Project("{2150E333-8FDC-42A3-9474-1A3956D46DE8}") = "CI", "CI", "{777C5EB6-78FD-4585-9651-FC9C7BA6505D}"
	ProjectSection(SolutionItems) = preProject
		.github\workflows\integration-tests.dotnet.yml = .github\workflows\integration-tests.dotnet.yml
		.github\workflows\unit-tests.dotnet.yml = .github\workflows\unit-tests.dotnet.yml
	EndProjectSection
EndProject
Global
	GlobalSection(SolutionConfigurationPlatforms) = preSolution
		Debug|Any CPU = Debug|Any CPU
		Release|Any CPU = Release|Any CPU
	EndGlobalSection
	GlobalSection(ProjectConfigurationPlatforms) = postSolution
		{A4B80FEC-5825-89B6-2276-873776429D78}.Debug|Any CPU.ActiveCfg = Debug|Any CPU
		{A4B80FEC-5825-89B6-2276-873776429D78}.Debug|Any CPU.Build.0 = Debug|Any CPU
		{A4B80FEC-5825-89B6-2276-873776429D78}.Release|Any CPU.ActiveCfg = Release|Any CPU
		{A4B80FEC-5825-89B6-2276-873776429D78}.Release|Any CPU.Build.0 = Release|Any CPU
		{B6A6B8B4-0262-DD4F-3C4E-DA5406B58C3F}.Debug|Any CPU.ActiveCfg = Debug|Any CPU
		{B6A6B8B4-0262-DD4F-3C4E-DA5406B58C3F}.Debug|Any CPU.Build.0 = Debug|Any CPU
		{B6A6B8B4-0262-DD4F-3C4E-DA5406B58C3F}.Release|Any CPU.ActiveCfg = Release|Any CPU
		{B6A6B8B4-0262-DD4F-3C4E-DA5406B58C3F}.Release|Any CPU.Build.0 = Release|Any CPU
		{B8A9C944-B874-C8E8-F399-930156429D52}.Debug|Any CPU.ActiveCfg = Debug|Any CPU
		{B8A9C944-B874-C8E8-F399-930156429D52}.Debug|Any CPU.Build.0 = Debug|Any CPU
		{B8A9C944-B874-C8E8-F399-930156429D52}.Release|Any CPU.ActiveCfg = Release|Any CPU
		{B8A9C944-B874-C8E8-F399-930156429D52}.Release|Any CPU.Build.0 = Release|Any CPU
		{C8C6FC91-2146-4A98-AB1A-7272BB7A600A}.Debug|Any CPU.ActiveCfg = Debug|Any CPU
		{C8C6FC91-2146-4A98-AB1A-7272BB7A600A}.Debug|Any CPU.Build.0 = Debug|Any CPU
		{C8C6FC91-2146-4A98-AB1A-7272BB7A600A}.Release|Any CPU.ActiveCfg = Release|Any CPU
		{C8C6FC91-2146-4A98-AB1A-7272BB7A600A}.Release|Any CPU.Build.0 = Release|Any CPU
		{88D1C89F-DB80-4E5D-95C3-7B514C230612}.Debug|Any CPU.ActiveCfg = Debug|Any CPU
		{88D1C89F-DB80-4E5D-95C3-7B514C230612}.Debug|Any CPU.Build.0 = Debug|Any CPU
		{88D1C89F-DB80-4E5D-95C3-7B514C230612}.Release|Any CPU.ActiveCfg = Release|Any CPU
		{88D1C89F-DB80-4E5D-95C3-7B514C230612}.Release|Any CPU.Build.0 = Release|Any CPU
		{ADB2CAA3-26C6-4D3A-AE5F-F4A192AB19B2}.Debug|Any CPU.ActiveCfg = Debug|Any CPU
		{ADB2CAA3-26C6-4D3A-AE5F-F4A192AB19B2}.Debug|Any CPU.Build.0 = Debug|Any CPU
		{ADB2CAA3-26C6-4D3A-AE5F-F4A192AB19B2}.Release|Any CPU.ActiveCfg = Release|Any CPU
		{ADB2CAA3-26C6-4D3A-AE5F-F4A192AB19B2}.Release|Any CPU.Build.0 = Release|Any CPU
		{B0E0120C-C496-4CDC-A69C-21AA141B965C}.Debug|Any CPU.ActiveCfg = Debug|Any CPU
		{B0E0120C-C496-4CDC-A69C-21AA141B965C}.Debug|Any CPU.Build.0 = Debug|Any CPU
		{B0E0120C-C496-4CDC-A69C-21AA141B965C}.Release|Any CPU.ActiveCfg = Release|Any CPU
		{B0E0120C-C496-4CDC-A69C-21AA141B965C}.Release|Any CPU.Build.0 = Release|Any CPU
		{03DC5887-8B96-4886-8B5C-EBDB77FB0321}.Debug|Any CPU.ActiveCfg = Debug|Any CPU
		{03DC5887-8B96-4886-8B5C-EBDB77FB0321}.Debug|Any CPU.Build.0 = Debug|Any CPU
		{03DC5887-8B96-4886-8B5C-EBDB77FB0321}.Release|Any CPU.ActiveCfg = Release|Any CPU
		{03DC5887-8B96-4886-8B5C-EBDB77FB0321}.Release|Any CPU.Build.0 = Release|Any CPU
		{8B8C0895-FF47-403B-84EF-C6AEC5333D2B}.Debug|Any CPU.ActiveCfg = Debug|Any CPU
		{8B8C0895-FF47-403B-84EF-C6AEC5333D2B}.Debug|Any CPU.Build.0 = Debug|Any CPU
		{8B8C0895-FF47-403B-84EF-C6AEC5333D2B}.Release|Any CPU.ActiveCfg = Release|Any CPU
		{8B8C0895-FF47-403B-84EF-C6AEC5333D2B}.Release|Any CPU.Build.0 = Release|Any CPU
		{4780C173-AFE5-4B24-929D-85CAC04365B9}.Debug|Any CPU.ActiveCfg = Debug|Any CPU
		{4780C173-AFE5-4B24-929D-85CAC04365B9}.Debug|Any CPU.Build.0 = Debug|Any CPU
		{4780C173-AFE5-4B24-929D-85CAC04365B9}.Release|Any CPU.ActiveCfg = Release|Any CPU
		{4780C173-AFE5-4B24-929D-85CAC04365B9}.Release|Any CPU.Build.0 = Release|Any CPU
		{65FB62FE-713F-4D24-8B50-3AD6ED5CBA39}.Debug|Any CPU.ActiveCfg = Debug|Any CPU
		{65FB62FE-713F-4D24-8B50-3AD6ED5CBA39}.Debug|Any CPU.Build.0 = Debug|Any CPU
		{65FB62FE-713F-4D24-8B50-3AD6ED5CBA39}.Release|Any CPU.ActiveCfg = Release|Any CPU
		{65FB62FE-713F-4D24-8B50-3AD6ED5CBA39}.Release|Any CPU.Build.0 = Release|Any CPU
		{47ACAC93-73D7-46E2-A40F-1C0CF87B5117}.Debug|Any CPU.ActiveCfg = Debug|Any CPU
		{47ACAC93-73D7-46E2-A40F-1C0CF87B5117}.Debug|Any CPU.Build.0 = Debug|Any CPU
		{47ACAC93-73D7-46E2-A40F-1C0CF87B5117}.Release|Any CPU.ActiveCfg = Release|Any CPU
		{47ACAC93-73D7-46E2-A40F-1C0CF87B5117}.Release|Any CPU.Build.0 = Release|Any CPU
		{892070FC-D54A-4E12-82B0-21E161E0D148}.Debug|Any CPU.ActiveCfg = Debug|Any CPU
		{892070FC-D54A-4E12-82B0-21E161E0D148}.Debug|Any CPU.Build.0 = Debug|Any CPU
		{892070FC-D54A-4E12-82B0-21E161E0D148}.Release|Any CPU.ActiveCfg = Release|Any CPU
		{892070FC-D54A-4E12-82B0-21E161E0D148}.Release|Any CPU.Build.0 = Release|Any CPU
		{89A4ADC4-1AB6-4037-9F27-B1BA3A8970D6}.Debug|Any CPU.ActiveCfg = Debug|Any CPU
		{89A4ADC4-1AB6-4037-9F27-B1BA3A8970D6}.Debug|Any CPU.Build.0 = Debug|Any CPU
		{89A4ADC4-1AB6-4037-9F27-B1BA3A8970D6}.Release|Any CPU.ActiveCfg = Release|Any CPU
		{89A4ADC4-1AB6-4037-9F27-B1BA3A8970D6}.Release|Any CPU.Build.0 = Release|Any CPU
		{DCEB699A-337C-4BD2-A80C-28F201816424}.Debug|Any CPU.ActiveCfg = Debug|Any CPU
		{DCEB699A-337C-4BD2-A80C-28F201816424}.Debug|Any CPU.Build.0 = Debug|Any CPU
		{DCEB699A-337C-4BD2-A80C-28F201816424}.Release|Any CPU.ActiveCfg = Release|Any CPU
		{DCEB699A-337C-4BD2-A80C-28F201816424}.Release|Any CPU.Build.0 = Release|Any CPU
		{C4005740-0123-4EBE-81DA-C2D52CB5E0A9}.Debug|Any CPU.ActiveCfg = Debug|Any CPU
		{C4005740-0123-4EBE-81DA-C2D52CB5E0A9}.Debug|Any CPU.Build.0 = Debug|Any CPU
		{C4005740-0123-4EBE-81DA-C2D52CB5E0A9}.Release|Any CPU.ActiveCfg = Release|Any CPU
		{C4005740-0123-4EBE-81DA-C2D52CB5E0A9}.Release|Any CPU.Build.0 = Release|Any CPU
		{5D73F468-4D92-49EE-9562-B01B93A49246}.Debug|Any CPU.ActiveCfg = Debug|Any CPU
		{5D73F468-4D92-49EE-9562-B01B93A49246}.Debug|Any CPU.Build.0 = Debug|Any CPU
		{5D73F468-4D92-49EE-9562-B01B93A49246}.Release|Any CPU.ActiveCfg = Release|Any CPU
		{5D73F468-4D92-49EE-9562-B01B93A49246}.Release|Any CPU.Build.0 = Release|Any CPU
		{B9D8EFBD-2F39-4C3E-804E-850175FDFE9E}.Debug|Any CPU.ActiveCfg = Debug|Any CPU
		{B9D8EFBD-2F39-4C3E-804E-850175FDFE9E}.Debug|Any CPU.Build.0 = Debug|Any CPU
		{B9D8EFBD-2F39-4C3E-804E-850175FDFE9E}.Release|Any CPU.ActiveCfg = Release|Any CPU
		{B9D8EFBD-2F39-4C3E-804E-850175FDFE9E}.Release|Any CPU.Build.0 = Release|Any CPU
		{193C25B9-6431-6F2B-1BBA-9F9A1FF07980}.Debug|Any CPU.ActiveCfg = Debug|Any CPU
		{193C25B9-6431-6F2B-1BBA-9F9A1FF07980}.Debug|Any CPU.Build.0 = Debug|Any CPU
		{193C25B9-6431-6F2B-1BBA-9F9A1FF07980}.Release|Any CPU.ActiveCfg = Release|Any CPU
		{193C25B9-6431-6F2B-1BBA-9F9A1FF07980}.Release|Any CPU.Build.0 = Release|Any CPU
		{9F4E6901-BF21-417D-99DA-5716F6AFD056}.Debug|Any CPU.ActiveCfg = Debug|Any CPU
		{9F4E6901-BF21-417D-99DA-5716F6AFD056}.Debug|Any CPU.Build.0 = Debug|Any CPU
		{9F4E6901-BF21-417D-99DA-5716F6AFD056}.Release|Any CPU.ActiveCfg = Release|Any CPU
		{9F4E6901-BF21-417D-99DA-5716F6AFD056}.Release|Any CPU.Build.0 = Release|Any CPU
		{57068FEB-20D1-4828-A800-7F8120BE04C9}.Debug|Any CPU.ActiveCfg = Debug|Any CPU
		{57068FEB-20D1-4828-A800-7F8120BE04C9}.Debug|Any CPU.Build.0 = Debug|Any CPU
		{57068FEB-20D1-4828-A800-7F8120BE04C9}.Release|Any CPU.ActiveCfg = Release|Any CPU
		{57068FEB-20D1-4828-A800-7F8120BE04C9}.Release|Any CPU.Build.0 = Release|Any CPU
		{5CA3D55D-8B4E-44FB-9274-8C08727BC6D4}.Debug|Any CPU.ActiveCfg = Debug|Any CPU
		{5CA3D55D-8B4E-44FB-9274-8C08727BC6D4}.Debug|Any CPU.Build.0 = Debug|Any CPU
		{5CA3D55D-8B4E-44FB-9274-8C08727BC6D4}.Release|Any CPU.ActiveCfg = Release|Any CPU
		{5CA3D55D-8B4E-44FB-9274-8C08727BC6D4}.Release|Any CPU.Build.0 = Release|Any CPU
		{C2EDF0AA-DF78-4557-AD93-CCA24B87D945}.Debug|Any CPU.ActiveCfg = Debug|Any CPU
		{C2EDF0AA-DF78-4557-AD93-CCA24B87D945}.Debug|Any CPU.Build.0 = Debug|Any CPU
		{C2EDF0AA-DF78-4557-AD93-CCA24B87D945}.Release|Any CPU.ActiveCfg = Release|Any CPU
		{C2EDF0AA-DF78-4557-AD93-CCA24B87D945}.Release|Any CPU.Build.0 = Release|Any CPU
	EndGlobalSection
	GlobalSection(SolutionProperties) = preSolution
		HideSolutionNode = FALSE
	EndGlobalSection
	GlobalSection(NestedProjects) = preSolution
		{8D298B9C-A21A-46C3-A611-79137AC4A422} = {8AE9A580-30AE-4E6F-A78A-A03E5E1B4655}
		{A4B80FEC-5825-89B6-2276-873776429D78} = {8D298B9C-A21A-46C3-A611-79137AC4A422}
		{135C5119-4B2B-4B5D-9E1E-BD29A8224EEC} = {8AE9A580-30AE-4E6F-A78A-A03E5E1B4655}
		{B6A6B8B4-0262-DD4F-3C4E-DA5406B58C3F} = {135C5119-4B2B-4B5D-9E1E-BD29A8224EEC}
		{B8A9C944-B874-C8E8-F399-930156429D52} = {135C5119-4B2B-4B5D-9E1E-BD29A8224EEC}
		{B44AB3AB-CEFF-4EBB-B935-17E849E1085D} = {00FFAE96-B083-453B-B595-CFAAEBA8D48D}
		{76A4D5B4-E733-4543-83A5-5BCB40A5F628} = {00FFAE96-B083-453B-B595-CFAAEBA8D48D}
		{DB249E03-3A9B-4878-811C-B7BD2E038418} = {76A4D5B4-E733-4543-83A5-5BCB40A5F628}
		{D24A1ED0-D0E1-4FF0-8760-48AF0FCDFC98} = {76A4D5B4-E733-4543-83A5-5BCB40A5F628}
		{5A2B5FFB-59AD-4516-AC34-5F8E686BC94C} = {8AE9A580-30AE-4E6F-A78A-A03E5E1B4655}
		{C8C6FC91-2146-4A98-AB1A-7272BB7A600A} = {135C5119-4B2B-4B5D-9E1E-BD29A8224EEC}
		{88D1C89F-DB80-4E5D-95C3-7B514C230612} = {135C5119-4B2B-4B5D-9E1E-BD29A8224EEC}
		{ADB2CAA3-26C6-4D3A-AE5F-F4A192AB19B2} = {5A2B5FFB-59AD-4516-AC34-5F8E686BC94C}
		{B0E0120C-C496-4CDC-A69C-21AA141B965C} = {8D298B9C-A21A-46C3-A611-79137AC4A422}
		{03DC5887-8B96-4886-8B5C-EBDB77FB0321} = {5A2B5FFB-59AD-4516-AC34-5F8E686BC94C}
		{8B8C0895-FF47-403B-84EF-C6AEC5333D2B} = {135C5119-4B2B-4B5D-9E1E-BD29A8224EEC}
		{97EB3EF4-B8D1-454F-AC08-B2F10D100113} = {8AE9A580-30AE-4E6F-A78A-A03E5E1B4655}
		{4780C173-AFE5-4B24-929D-85CAC04365B9} = {4C507206-A8BD-4B45-85D9-D894446A8106}
		{65FB62FE-713F-4D24-8B50-3AD6ED5CBA39} = {4C507206-A8BD-4B45-85D9-D894446A8106}
		{47ACAC93-73D7-46E2-A40F-1C0CF87B5117} = {4C507206-A8BD-4B45-85D9-D894446A8106}
		{892070FC-D54A-4E12-82B0-21E161E0D148} = {135C5119-4B2B-4B5D-9E1E-BD29A8224EEC}
		{89A4ADC4-1AB6-4037-9F27-B1BA3A8970D6} = {5A2B5FFB-59AD-4516-AC34-5F8E686BC94C}
		{DCEB699A-337C-4BD2-A80C-28F201816424} = {5A2B5FFB-59AD-4516-AC34-5F8E686BC94C}
		{4C507206-A8BD-4B45-85D9-D894446A8106} = {97EB3EF4-B8D1-454F-AC08-B2F10D100113}
		{14C3B83D-AB1B-44C5-9218-BCCF1F3854AA} = {97EB3EF4-B8D1-454F-AC08-B2F10D100113}
		{C4005740-0123-4EBE-81DA-C2D52CB5E0A9} = {14C3B83D-AB1B-44C5-9218-BCCF1F3854AA}
		{5D73F468-4D92-49EE-9562-B01B93A49246} = {14C3B83D-AB1B-44C5-9218-BCCF1F3854AA}
		{B9D8EFBD-2F39-4C3E-804E-850175FDFE9E} = {14C3B83D-AB1B-44C5-9218-BCCF1F3854AA}
		{193C25B9-6431-6F2B-1BBA-9F9A1FF07980} = {97EB3EF4-B8D1-454F-AC08-B2F10D100113}
		{9F4E6901-BF21-417D-99DA-5716F6AFD056} = {4C507206-A8BD-4B45-85D9-D894446A8106}
		{57068FEB-20D1-4828-A800-7F8120BE04C9} = {14C3B83D-AB1B-44C5-9218-BCCF1F3854AA}
		{5CA3D55D-8B4E-44FB-9274-8C08727BC6D4} = {14C3B83D-AB1B-44C5-9218-BCCF1F3854AA}
		{C2EDF0AA-DF78-4557-AD93-CCA24B87D945} = {14C3B83D-AB1B-44C5-9218-BCCF1F3854AA}
		{DDE18D8A-5400-477A-9CC3-C69BDA40B6F4} = {DB249E03-3A9B-4878-811C-B7BD2E038418}
		{EE413E12-3C44-4C4E-9AF5-3EB12B1E7897} = {D24A1ED0-D0E1-4FF0-8760-48AF0FCDFC98}
	EndGlobalSection
	GlobalSection(ExtensibilityGlobals) = postSolution
		SolutionGuid = {57A09298-C745-4041-A133-65E3AF4E8E3E}
	EndGlobalSection
EndGlobal
